
Microsoft Visual Studio Solution File, Format Version 12.00
# Visual Studio Version 17
VisualStudioVersion = 17.0.31903.59
MinimumVisualStudioVersion = 10.0.40219.1
Project("{2150E333-8FDC-42A3-9474-1A3956D46DE8}") = "src", "src", "{827E0CD3-B72D-47B6-A68D-7590B98EB39B}"
EndProject
Project("{FAE04EC0-301F-11D3-BF4B-00C04F79EFBC}") = "Scim.Shared", "src\Scim.Shared\Scim.Shared.csproj", "{B5DDE714-DEC6-41A8-A513-31288C2D6095}"
EndProject
Project("{FAE04EC0-301F-11D3-BF4B-00C04F79EFBC}") = "Scim.Api", "src\Scim.Api\Scim.Api.csproj", "{5470846A-CF50-4E50-AB17-939E08FE4FD6}"
EndProject
Project("{FAE04EC0-301F-11D3-BF4B-00C04F79EFBC}") = "Scim.Worker", "src\Scim.Worker\Scim.Worker.csproj", "{BAF920F4-496D-4AA1-9319-8DA735FF35BE}"
EndProject
Project("{2150E333-8FDC-42A3-9474-1A3956D46DE8}") = "tests", "tests", "{0AB3BF05-4346-4AA6-1389-037BE0695223}"
EndProject
Project("{FAE04EC0-301F-11D3-BF4B-00C04F79EFBC}") = "Scim.Tests", "tests\Scim.Tests\Scim.Tests.csproj", "{9211F8C8-1C9E-42E7-BACC-9DF38DA480F9}"
EndProject
Global
	GlobalSection(SolutionConfigurationPlatforms) = preSolution
		Debug|Any CPU = Debug|Any CPU
		Debug|x64 = Debug|x64
		Debug|x86 = Debug|x86
		Release|Any CPU = Release|Any CPU
		Release|x64 = Release|x64
		Release|x86 = Release|x86
	EndGlobalSection
	GlobalSection(ProjectConfigurationPlatforms) = postSolution
		{B5DDE714-DEC6-41A8-A513-31288C2D6095}.Debug|Any CPU.ActiveCfg = Debug|Any CPU
		{B5DDE714-DEC6-41A8-A513-31288C2D6095}.Debug|Any CPU.Build.0 = Debug|Any CPU
		{B5DDE714-DEC6-41A8-A513-31288C2D6095}.Debug|x64.ActiveCfg = Debug|Any CPU
		{B5DDE714-DEC6-41A8-A513-31288C2D6095}.Debug|x64.Build.0 = Debug|Any CPU
		{B5DDE714-DEC6-41A8-A513-31288C2D6095}.Debug|x86.ActiveCfg = Debug|Any CPU
		{B5DDE714-DEC6-41A8-A513-31288C2D6095}.Debug|x86.Build.0 = Debug|Any CPU
		{B5DDE714-DEC6-41A8-A513-31288C2D6095}.Release|Any CPU.ActiveCfg = Release|Any CPU
		{B5DDE714-DEC6-41A8-A513-31288C2D6095}.Release|Any CPU.Build.0 = Release|Any CPU
		{B5DDE714-DEC6-41A8-A513-31288C2D6095}.Release|x64.ActiveCfg = Release|Any CPU
		{B5DDE714-DEC6-41A8-A513-31288C2D6095}.Release|x64.Build.0 = Release|Any CPU
		{B5DDE714-DEC6-41A8-A513-31288C2D6095}.Release|x86.ActiveCfg = Release|Any CPU
		{B5DDE714-DEC6-41A8-A513-31288C2D6095}.Release|x86.Build.0 = Release|Any CPU
		{5470846A-CF50-4E50-AB17-939E08FE4FD6}.Debug|Any CPU.ActiveCfg = Debug|Any CPU
		{5470846A-CF50-4E50-AB17-939E08FE4FD6}.Debug|Any CPU.Build.0 = Debug|Any CPU
		{5470846A-CF50-4E50-AB17-939E08FE4FD6}.Debug|x64.ActiveCfg = Debug|Any CPU
		{5470846A-CF50-4E50-AB17-939E08FE4FD6}.Debug|x64.Build.0 = Debug|Any CPU
		{5470846A-CF50-4E50-AB17-939E08FE4FD6}.Debug|x86.ActiveCfg = Debug|Any CPU
		{5470846A-CF50-4E50-AB17-939E08FE4FD6}.Debug|x86.Build.0 = Debug|Any CPU
		{5470846A-CF50-4E50-AB17-939E08FE4FD6}.Release|Any CPU.ActiveCfg = Release|Any CPU
		{5470846A-CF50-4E50-AB17-939E08FE4FD6}.Release|Any CPU.Build.0 = Release|Any CPU
		{5470846A-CF50-4E50-AB17-939E08FE4FD6}.Release|x64.ActiveCfg = Release|Any CPU
		{5470846A-CF50-4E50-AB17-939E08FE4FD6}.Release|x64.Build.0 = Release|Any CPU
		{5470846A-CF50-4E50-AB17-939E08FE4FD6}.Release|x86.ActiveCfg = Release|Any CPU
		{5470846A-CF50-4E50-AB17-939E08FE4FD6}.Release|x86.Build.0 = Release|Any CPU
		{BAF920F4-496D-4AA1-9319-8DA735FF35BE}.Debug|Any CPU.ActiveCfg = Debug|Any CPU
		{BAF920F4-496D-4AA1-9319-8DA735FF35BE}.Debug|Any CPU.Build.0 = Debug|Any CPU
		{BAF920F4-496D-4AA1-9319-8DA735FF35BE}.Debug|x64.ActiveCfg = Debug|Any CPU
		{BAF920F4-496D-4AA1-9319-8DA735FF35BE}.Debug|x64.Build.0 = Debug|Any CPU
		{BAF920F4-496D-4AA1-9319-8DA735FF35BE}.Debug|x86.ActiveCfg = Debug|Any CPU
		{BAF920F4-496D-4AA1-9319-8DA735FF35BE}.Debug|x86.Build.0 = Debug|Any CPU
		{BAF920F4-496D-4AA1-9319-8DA735FF35BE}.Release|Any CPU.ActiveCfg = Release|Any CPU
		{BAF920F4-496D-4AA1-9319-8DA735FF35BE}.Release|Any CPU.Build.0 = Release|Any CPU
		{BAF920F4-496D-4AA1-9319-8DA735FF35BE}.Release|x64.ActiveCfg = Release|Any CPU
		{BAF920F4-496D-4AA1-9319-8DA735FF35BE}.Release|x64.Build.0 = Release|Any CPU
		{BAF920F4-496D-4AA1-9319-8DA735FF35BE}.Release|x86.ActiveCfg = Release|Any CPU
		{BAF920F4-496D-4AA1-9319-8DA735FF35BE}.Release|x86.Build.0 = Release|Any CPU
		{9211F8C8-1C9E-42E7-BACC-9DF38DA480F9}.Debug|Any CPU.ActiveCfg = Debug|Any CPU
		{9211F8C8-1C9E-42E7-BACC-9DF38DA480F9}.Debug|Any CPU.Build.0 = Debug|Any CPU
		{9211F8C8-1C9E-42E7-BACC-9DF38DA480F9}.Debug|x64.ActiveCfg = Debug|Any CPU
		{9211F8C8-1C9E-42E7-BACC-9DF38DA480F9}.Debug|x64.Build.0 = Debug|Any CPU
		{9211F8C8-1C9E-42E7-BACC-9DF38DA480F9}.Debug|x86.ActiveCfg = Debug|Any CPU
		{9211F8C8-1C9E-42E7-BACC-9DF38DA480F9}.Debug|x86.Build.0 = Debug|Any CPU
		{9211F8C8-1C9E-42E7-BACC-9DF38DA480F9}.Release|Any CPU.ActiveCfg = Release|Any CPU
		{9211F8C8-1C9E-42E7-BACC-9DF38DA480F9}.Release|Any CPU.Build.0 = Release|Any CPU
		{9211F8C8-1C9E-42E7-BACC-9DF38DA480F9}.Release|x64.ActiveCfg = Release|Any CPU
		{9211F8C8-1C9E-42E7-BACC-9DF38DA480F9}.Release|x64.Build.0 = Release|Any CPU
		{9211F8C8-1C9E-42E7-BACC-9DF38DA480F9}.Release|x86.ActiveCfg = Release|Any CPU
		{9211F8C8-1C9E-42E7-BACC-9DF38DA480F9}.Release|x86.Build.0 = Release|Any CPU
	EndGlobalSection
	GlobalSection(SolutionProperties) = preSolution
		HideSolutionNode = FALSE
	EndGlobalSection
	GlobalSection(NestedProjects) = preSolution
		{B5DDE714-DEC6-41A8-A513-31288C2D6095} = {827E0CD3-B72D-47B6-A68D-7590B98EB39B}
		{5470846A-CF50-4E50-AB17-939E08FE4FD6} = {827E0CD3-B72D-47B6-A68D-7590B98EB39B}
		{BAF920F4-496D-4AA1-9319-8DA735FF35BE} = {827E0CD3-B72D-47B6-A68D-7590B98EB39B}
		{9211F8C8-1C9E-42E7-BACC-9DF38DA480F9} = {0AB3BF05-4346-4AA6-1389-037BE0695223}
	EndGlobalSection
EndGlobal
