
Microsoft Visual Studio Solution File, Format Version 12.00
# Visual Studio Version 17
VisualStudioVersion = 17.0.31903.59
MinimumVisualStudioVersion = 10.0.40219.1
Project("{2150E333-8FDC-42A3-9474-1A3956D46DE8}") = "src", "src", "{827E0CD3-B72D-47B6-A68D-7590B98EB39B}"
EndProject
Project("{FAE04EC0-301F-11D3-BF4B-00C04F79EFBC}") = "Scim.Domain", "src\Scim.Domain\Scim.Domain.csproj", "{1314C8C4-B12D-4BCC-8B92-EC0B4F2ED829}"
EndProject
Project("{FAE04EC0-301F-11D3-BF4B-00C04F79EFBC}") = "Scim.Contracts", "src\Scim.Contracts\Scim.Contracts.csproj", "{90B66EBC-891A-412B-B290-ACC0B2C4996C}"
EndProject
Project("{FAE04EC0-301F-11D3-BF4B-00C04F79EFBC}") = "Scim.Infrastructure", "src\Scim.Infrastructure\Scim.Infrastructure.csproj", "{9C501419-3566-40D9-A451-2FA55019A33A}"
EndProject
Project("{FAE04EC0-301F-11D3-BF4B-00C04F79EFBC}") = "Scim.Api", "src\Scim.Api\Scim.Api.csproj", "{7B21D431-54D0-4097-86F6-C104148482DC}"
EndProject
Project("{FAE04EC0-301F-11D3-BF4B-00C04F79EFBC}") = "Scim.Worker", "src\Scim.Worker\Scim.Worker.csproj", "{98D71673-3311-4F68-9B74-B6BAA38CF27A}"
EndProject
Project("{FAE04EC0-301F-11D3-BF4B-00C04F79EFBC}") = "Scim.PubNubWorker", "src\Scim.PubNubWorker\Scim.PubNubWorker.csproj", "{A1B2C3D4-E5F6-7890-ABCD-EF1234567890}"
EndProject
Global
	GlobalSection(SolutionConfigurationPlatforms) = preSolution
		Debug|Any CPU = Debug|Any CPU
		Debug|x64 = Debug|x64
		Debug|x86 = Debug|x86
		Release|Any CPU = Release|Any CPU
		Release|x64 = Release|x64
		Release|x86 = Release|x86
	EndGlobalSection
	GlobalSection(ProjectConfigurationPlatforms) = postSolution
		{1314C8C4-B12D-4BCC-8B92-EC0B4F2ED829}.Debug|Any CPU.ActiveCfg = Debug|Any CPU
		{1314C8C4-B12D-4BCC-8B92-EC0B4F2ED829}.Debug|Any CPU.Build.0 = Debug|Any CPU
		{1314C8C4-B12D-4BCC-8B92-EC0B4F2ED829}.Debug|x64.ActiveCfg = Debug|Any CPU
		{1314C8C4-B12D-4BCC-8B92-EC0B4F2ED829}.Debug|x64.Build.0 = Debug|Any CPU
		{1314C8C4-B12D-4BCC-8B92-EC0B4F2ED829}.Debug|x86.ActiveCfg = Debug|Any CPU
		{1314C8C4-B12D-4BCC-8B92-EC0B4F2ED829}.Debug|x86.Build.0 = Debug|Any CPU
		{1314C8C4-B12D-4BCC-8B92-EC0B4F2ED829}.Release|Any CPU.ActiveCfg = Release|Any CPU
		{1314C8C4-B12D-4BCC-8B92-EC0B4F2ED829}.Release|Any CPU.Build.0 = Release|Any CPU
		{1314C8C4-B12D-4BCC-8B92-EC0B4F2ED829}.Release|x64.ActiveCfg = Release|Any CPU
		{1314C8C4-B12D-4BCC-8B92-EC0B4F2ED829}.Release|x64.Build.0 = Release|Any CPU
		{1314C8C4-B12D-4BCC-8B92-EC0B4F2ED829}.Release|x86.ActiveCfg = Release|Any CPU
		{1314C8C4-B12D-4BCC-8B92-EC0B4F2ED829}.Release|x86.Build.0 = Release|Any CPU
		{90B66EBC-891A-412B-B290-ACC0B2C4996C}.Debug|Any CPU.ActiveCfg = Debug|Any CPU
		{90B66EBC-891A-412B-B290-ACC0B2C4996C}.Debug|Any CPU.Build.0 = Debug|Any CPU
		{90B66EBC-891A-412B-B290-ACC0B2C4996C}.Debug|x64.ActiveCfg = Debug|Any CPU
		{90B66EBC-891A-412B-B290-ACC0B2C4996C}.Debug|x64.Build.0 = Debug|Any CPU
		{90B66EBC-891A-412B-B290-ACC0B2C4996C}.Debug|x86.ActiveCfg = Debug|Any CPU
		{90B66EBC-891A-412B-B290-ACC0B2C4996C}.Debug|x86.Build.0 = Debug|Any CPU
		{90B66EBC-891A-412B-B290-ACC0B2C4996C}.Release|Any CPU.ActiveCfg = Release|Any CPU
		{90B66EBC-891A-412B-B290-ACC0B2C4996C}.Release|Any CPU.Build.0 = Release|Any CPU
		{90B66EBC-891A-412B-B290-ACC0B2C4996C}.Release|x64.ActiveCfg = Release|Any CPU
		{90B66EBC-891A-412B-B290-ACC0B2C4996C}.Release|x64.Build.0 = Release|Any CPU
		{90B66EBC-891A-412B-B290-ACC0B2C4996C}.Release|x86.ActiveCfg = Release|Any CPU
		{90B66EBC-891A-412B-B290-ACC0B2C4996C}.Release|x86.Build.0 = Release|Any CPU
		{9C501419-3566-40D9-A451-2FA55019A33A}.Debug|Any CPU.ActiveCfg = Debug|Any CPU
		{9C501419-3566-40D9-A451-2FA55019A33A}.Debug|Any CPU.Build.0 = Debug|Any CPU
		{9C501419-3566-40D9-A451-2FA55019A33A}.Debug|x64.ActiveCfg = Debug|Any CPU
		{9C501419-3566-40D9-A451-2FA55019A33A}.Debug|x64.Build.0 = Debug|Any CPU
		{9C501419-3566-40D9-A451-2FA55019A33A}.Debug|x86.ActiveCfg = Debug|Any CPU
		{9C501419-3566-40D9-A451-2FA55019A33A}.Debug|x86.Build.0 = Debug|Any CPU
		{9C501419-3566-40D9-A451-2FA55019A33A}.Release|Any CPU.ActiveCfg = Release|Any CPU
		{9C501419-3566-40D9-A451-2FA55019A33A}.Release|Any CPU.Build.0 = Release|Any CPU
		{9C501419-3566-40D9-A451-2FA55019A33A}.Release|x64.ActiveCfg = Release|Any CPU
		{9C501419-3566-40D9-A451-2FA55019A33A}.Release|x64.Build.0 = Release|Any CPU
		{9C501419-3566-40D9-A451-2FA55019A33A}.Release|x86.ActiveCfg = Release|Any CPU
		{9C501419-3566-40D9-A451-2FA55019A33A}.Release|x86.Build.0 = Release|Any CPU
		{7B21D431-54D0-4097-86F6-C104148482DC}.Debug|Any CPU.ActiveCfg = Debug|Any CPU
		{7B21D431-54D0-4097-86F6-C104148482DC}.Debug|Any CPU.Build.0 = Debug|Any CPU
		{7B21D431-54D0-4097-86F6-C104148482DC}.Debug|x64.ActiveCfg = Debug|Any CPU
		{7B21D431-54D0-4097-86F6-C104148482DC}.Debug|x64.Build.0 = Debug|Any CPU
		{7B21D431-54D0-4097-86F6-C104148482DC}.Debug|x86.ActiveCfg = Debug|Any CPU
		{7B21D431-54D0-4097-86F6-C104148482DC}.Debug|x86.Build.0 = Debug|Any CPU
		{7B21D431-54D0-4097-86F6-C104148482DC}.Release|Any CPU.ActiveCfg = Release|Any CPU
		{7B21D431-54D0-4097-86F6-C104148482DC}.Release|Any CPU.Build.0 = Release|Any CPU
		{7B21D431-54D0-4097-86F6-C104148482DC}.Release|x64.ActiveCfg = Release|Any CPU
		{7B21D431-54D0-4097-86F6-C104148482DC}.Release|x64.Build.0 = Release|Any CPU
		{7B21D431-54D0-4097-86F6-C104148482DC}.Release|x86.ActiveCfg = Release|Any CPU
		{7B21D431-54D0-4097-86F6-C104148482DC}.Release|x86.Build.0 = Release|Any CPU
		{98D71673-3311-4F68-9B74-B6BAA38CF27A}.Debug|Any CPU.ActiveCfg = Debug|Any CPU
		{98D71673-3311-4F68-9B74-B6BAA38CF27A}.Debug|Any CPU.Build.0 = Debug|Any CPU
		{98D71673-3311-4F68-9B74-B6BAA38CF27A}.Debug|x64.ActiveCfg = Debug|Any CPU
		{98D71673-3311-4F68-9B74-B6BAA38CF27A}.Debug|x64.Build.0 = Debug|Any CPU
		{98D71673-3311-4F68-9B74-B6BAA38CF27A}.Debug|x86.ActiveCfg = Debug|Any CPU
		{98D71673-3311-4F68-9B74-B6BAA38CF27A}.Debug|x86.Build.0 = Debug|Any CPU
		{98D71673-3311-4F68-9B74-B6BAA38CF27A}.Release|Any CPU.ActiveCfg = Release|Any CPU
		{98D71673-3311-4F68-9B74-B6BAA38CF27A}.Release|Any CPU.Build.0 = Release|Any CPU
		{98D71673-3311-4F68-9B74-B6BAA38CF27A}.Release|x64.ActiveCfg = Release|Any CPU
		{98D71673-3311-4F68-9B74-B6BAA38CF27A}.Release|x64.Build.0 = Release|Any CPU
		{98D71673-3311-4F68-9B74-B6BAA38CF27A}.Release|x86.ActiveCfg = Release|Any CPU
		{98D71673-3311-4F68-9B74-B6BAA38CF27A}.Release|x86.Build.0 = Release|Any CPU
		{A1B2C3D4-E5F6-7890-ABCD-EF1234567890}.Debug|Any CPU.ActiveCfg = Debug|Any CPU
		{A1B2C3D4-E5F6-7890-ABCD-EF1234567890}.Debug|Any CPU.Build.0 = Debug|Any CPU
		{A1B2C3D4-E5F6-7890-ABCD-EF1234567890}.Debug|x64.ActiveCfg = Debug|Any CPU
		{A1B2C3D4-E5F6-7890-ABCD-EF1234567890}.Debug|x64.Build.0 = Debug|Any CPU
		{A1B2C3D4-E5F6-7890-ABCD-EF1234567890}.Debug|x86.ActiveCfg = Debug|Any CPU
		{A1B2C3D4-E5F6-7890-ABCD-EF1234567890}.Debug|x86.Build.0 = Debug|Any CPU
		{A1B2C3D4-E5F6-7890-ABCD-EF1234567890}.Release|Any CPU.ActiveCfg = Release|Any CPU
		{A1B2C3D4-E5F6-7890-ABCD-EF1234567890}.Release|Any CPU.Build.0 = Release|Any CPU
		{A1B2C3D4-E5F6-7890-ABCD-EF1234567890}.Release|x64.ActiveCfg = Release|Any CPU
		{A1B2C3D4-E5F6-7890-ABCD-EF1234567890}.Release|x64.Build.0 = Release|Any CPU
		{A1B2C3D4-E5F6-7890-ABCD-EF1234567890}.Release|x86.ActiveCfg = Release|Any CPU
		{A1B2C3D4-E5F6-7890-ABCD-EF1234567890}.Release|x86.Build.0 = Release|Any CPU
	EndGlobalSection
	GlobalSection(SolutionProperties) = preSolution
		HideSolutionNode = FALSE
	EndGlobalSection
	GlobalSection(NestedProjects) = preSolution
		{1314C8C4-B12D-4BCC-8B92-EC0B4F2ED829} = {827E0CD3-B72D-47B6-A68D-7590B98EB39B}
		{90B66EBC-891A-412B-B290-ACC0B2C4996C} = {827E0CD3-B72D-47B6-A68D-7590B98EB39B}
		{9C501419-3566-40D9-A451-2FA55019A33A} = {827E0CD3-B72D-47B6-A68D-7590B98EB39B}
		{7B21D431-54D0-4097-86F6-C104148482DC} = {827E0CD3-B72D-47B6-A68D-7590B98EB39B}
		{98D71673-3311-4F68-9B74-B6BAA38CF27A} = {827E0CD3-B72D-47B6-A68D-7590B98EB39B}
		{A1B2C3D4-E5F6-7890-ABCD-EF1234567890} = {827E0CD3-B72D-47B6-A68D-7590B98EB39B}
	EndGlobalSection
EndGlobal
